
Microsoft Visual Studio Solution File, Format Version 12.00
# Visual Studio Version 16
VisualStudioVersion = 16.0.32901.82
MinimumVisualStudioVersion = 10.0.40219.1
Project("{FAE04EC0-301F-11D3-BF4B-00C04F79EFBC}") = "TemplatePortal", "TemplatePortal\TemplatePortal.csproj", "{EFBB0FCF-47C3-4C16-82DF-ACF35AAA467E}"
EndProject
Project("{FAE04EC0-301F-11D3-BF4B-00C04F79EFBC}") = "DAL", "DAL\DAL.csproj", "{2B28AC5B-74FB-4CF9-97F4-6CFC582C76A9}"
EndProject
Project("{FAE04EC0-301F-11D3-BF4B-00C04F79EFBC}") = "EfDBContext", "EfDBContext\EfDBContext.csproj", "{04AC6D07-614C-4853-80FF-BFD032DA3380}"
EndProject
Project("{FAE04EC0-301F-11D3-BF4B-00C04F79EFBC}") = "SMTP", "SMTP\SMTP.csproj", "{26D70560-ED3D-4DD7-83C9-35FBBA5EB422}"
EndProject
Global
	GlobalSection(SolutionConfigurationPlatforms) = preSolution
		Debug|Any CPU = Debug|Any CPU
		Release|Any CPU = Release|Any CPU
	EndGlobalSection
	GlobalSection(ProjectConfigurationPlatforms) = postSolution
		{EFBB0FCF-47C3-4C16-82DF-ACF35AAA467E}.Debug|Any CPU.ActiveCfg = Debug|Any CPU
		{EFBB0FCF-47C3-4C16-82DF-ACF35AAA467E}.Debug|Any CPU.Build.0 = Debug|Any CPU
		{EFBB0FCF-47C3-4C16-82DF-ACF35AAA467E}.Release|Any CPU.ActiveCfg = Release|Any CPU
		{EFBB0FCF-47C3-4C16-82DF-ACF35AAA467E}.Release|Any CPU.Build.0 = Release|Any CPU
		{2B28AC5B-74FB-4CF9-97F4-6CFC582C76A9}.Debug|Any CPU.ActiveCfg = Debug|Any CPU
		{2B28AC5B-74FB-4CF9-97F4-6CFC582C76A9}.Debug|Any CPU.Build.0 = Debug|Any CPU
		{2B28AC5B-74FB-4CF9-97F4-6CFC582C76A9}.Release|Any CPU.ActiveCfg = Release|Any CPU
		{2B28AC5B-74FB-4CF9-97F4-6CFC582C76A9}.Release|Any CPU.Build.0 = Release|Any CPU
		{04AC6D07-614C-4853-80FF-BFD032DA3380}.Debug|Any CPU.ActiveCfg = Debug|Any CPU
		{04AC6D07-614C-4853-80FF-BFD032DA3380}.Debug|Any CPU.Build.0 = Debug|Any CPU
		{04AC6D07-614C-4853-80FF-BFD032DA3380}.Release|Any CPU.ActiveCfg = Release|Any CPU
		{04AC6D07-614C-4853-80FF-BFD032DA3380}.Release|Any CPU.Build.0 = Release|Any CPU
		{26D70560-ED3D-4DD7-83C9-35FBBA5EB422}.Debug|Any CPU.ActiveCfg = Debug|Any CPU
		{26D70560-ED3D-4DD7-83C9-35FBBA5EB422}.Debug|Any CPU.Build.0 = Debug|Any CPU
		{26D70560-ED3D-4DD7-83C9-35FBBA5EB422}.Release|Any CPU.ActiveCfg = Release|Any CPU
		{26D70560-ED3D-4DD7-83C9-35FBBA5EB422}.Release|Any CPU.Build.0 = Release|Any CPU
	EndGlobalSection
	GlobalSection(SolutionProperties) = preSolution
		HideSolutionNode = FALSE
	EndGlobalSection
	GlobalSection(ExtensibilityGlobals) = postSolution
		SolutionGuid = {7B6020E4-0B4C-4707-A981-AAC98C3A408F}
	EndGlobalSection
EndGlobal
